
Microsoft Visual Studio Solution File, Format Version 12.00
# Visual Studio 14
VisualStudioVersion = 14.0.25420.1
MinimumVisualStudioVersion = 10.0.40219.1
Project("{FAE04EC0-301F-11D3-BF4B-00C04F79EFBC}") = "BDD_SpecFlow_Introduction", "BDD_SpecFlow_Introduction.csproj", "{FBBE893C-1CB1-4A01-A8C1-C867B02BEDF6}"
EndProject
Global
	GlobalSection(SolutionConfigurationPlatforms) = preSolution
		Debug|x86 = Debug|x86
		Release|x86 = Release|x86
	EndGlobalSection
	GlobalSection(ProjectConfigurationPlatforms) = postSolution
		{FBBE893C-1CB1-4A01-A8C1-C867B02BEDF6}.Debug|x86.ActiveCfg = Debug|x86
		{FBBE893C-1CB1-4A01-A8C1-C867B02BEDF6}.Debug|x86.Build.0 = Debug|x86
		{FBBE893C-1CB1-4A01-A8C1-C867B02BEDF6}.Release|x86.ActiveCfg = Release|x86
		{FBBE893C-1CB1-4A01-A8C1-C867B02BEDF6}.Release|x86.Build.0 = Release|x86
	EndGlobalSection
	GlobalSection(SolutionProperties) = preSolution
		HideSolutionNode = FALSE
	EndGlobalSection
EndGlobal
