
Microsoft Visual Studio Solution File, Format Version 12.00
# Visual Studio 14
VisualStudioVersion = 14.0.25420.1
MinimumVisualStudioVersion = 10.0.40219.1
Project("{FAE04EC0-301F-11D3-BF4B-00C04F79EFBC}") = "Stub_Mock_Fack_Object_Introduction", "Stub_Mock_Fack_Object_Introduction.csproj", "{D3D5C920-49D0-42C5-9DB6-65EDFBD371D2}"
EndProject
Project("{FAE04EC0-301F-11D3-BF4B-00C04F79EFBC}") = "Stub_Mock_Fack_Object_IntroductionTests", "..\Stub_Mock_Fack_Object_IntroductionTests\Stub_Mock_Fack_Object_IntroductionTests.csproj", "{72220132-596F-4CE5-8786-969065A8E85A}"
EndProject
Global
	GlobalSection(SolutionConfigurationPlatforms) = preSolution
		Debug|x86 = Debug|x86
		Release|x86 = Release|x86
	EndGlobalSection
	GlobalSection(ProjectConfigurationPlatforms) = postSolution
		{D3D5C920-49D0-42C5-9DB6-65EDFBD371D2}.Debug|x86.ActiveCfg = Debug|x86
		{D3D5C920-49D0-42C5-9DB6-65EDFBD371D2}.Debug|x86.Build.0 = Debug|x86
		{D3D5C920-49D0-42C5-9DB6-65EDFBD371D2}.Release|x86.ActiveCfg = Debug|x86
		{D3D5C920-49D0-42C5-9DB6-65EDFBD371D2}.Release|x86.Build.0 = Debug|x86
		{72220132-596F-4CE5-8786-969065A8E85A}.Debug|x86.ActiveCfg = Debug|x86
		{72220132-596F-4CE5-8786-969065A8E85A}.Debug|x86.Build.0 = Debug|x86
		{72220132-596F-4CE5-8786-969065A8E85A}.Release|x86.ActiveCfg = Debug|x86
		{72220132-596F-4CE5-8786-969065A8E85A}.Release|x86.Build.0 = Debug|x86
	EndGlobalSection
	GlobalSection(SolutionProperties) = preSolution
		HideSolutionNode = FALSE
	EndGlobalSection
EndGlobal
